
Microsoft Visual Studio Solution File, Format Version 12.00
# Visual Studio Version 17
VisualStudioVersion = 17.6.33801.468
MinimumVisualStudioVersion = 10.0.40219.1
Project("{2150E333-8FDC-42A3-9474-1A3956D46DE8}") = "src", "src", "{7677F145-FB6B-43F9-8472-B13A589729D9}"
EndProject
Project("{2150E333-8FDC-42A3-9474-1A3956D46DE8}") = "Api", "Api", "{D301FA81-24C2-4485-A443-EDFD01406B6D}"
EndProject
Project("{2150E333-8FDC-42A3-9474-1A3956D46DE8}") = "Clients", "Clients", "{86C8B0B8-A4A1-4C38-9F8F-B7434F5D84CC}"
EndProject
Project("{2150E333-8FDC-42A3-9474-1A3956D46DE8}") = "Common", "Common", "{0E3931C6-22D3-44A2-A4FE-1B4272C8D8C2}"
EndProject
Project("{2150E333-8FDC-42A3-9474-1A3956D46DE8}") = "Projections", "Projections", "{BA3DBAE8-6C5C-4693-8D1E-5F2942DF897B}"
EndProject
Project("{2150E333-8FDC-42A3-9474-1A3956D46DE8}") = "Core", "Core", "{B7115D96-FE09-4C3A-87D6-4445C7A61009}"
EndProject
Project("{2150E333-8FDC-42A3-9474-1A3956D46DE8}") = "Infrastructure", "Infrastructure", "{73C862D6-9681-4A08-AAAE-275D8296C8CC}"
EndProject
Project("{2150E333-8FDC-42A3-9474-1A3956D46DE8}") = "WebApi", "WebApi", "{7078160D-230A-417C-9974-4AF764240A73}"
EndProject
Project("{2150E333-8FDC-42A3-9474-1A3956D46DE8}") = "BlazorWeb", "BlazorWeb", "{A54A8EE2-A4DC-418E-AEEC-5FF37C8C64A8}"
EndProject
Project("{FAE04EC0-301F-11D3-BF4B-00C04F79EFBC}") = "SozlukAppCommon", "src\Common\SozlukAppCommon\SozlukAppCommon\SozlukAppCommon.csproj", "{DE27F1C1-823D-4FCC-9D5D-A6886C1F97DC}"
EndProject
Project("{FAE04EC0-301F-11D3-BF4B-00C04F79EFBC}") = "SozlukApp.Api.Domain", "src\Api\Core\SozlukApp.Api.Domain\SozlukApp.Api.Domain.csproj", "{893EFBFF-6010-4C20-87BB-E35F70D49279}"
EndProject
Project("{FAE04EC0-301F-11D3-BF4B-00C04F79EFBC}") = "SozlukApp.Api.Application", "src\Api\Core\SozlukApp.Api.Application\SozlukApp.Api.Application.csproj", "{D1355B5C-684B-41D0-A7D1-4500B2BA1F2D}"
EndProject
Project("{FAE04EC0-301F-11D3-BF4B-00C04F79EFBC}") = "SozlukApp.Infrastructure.Persistence", "src\Api\Infrastructure\SozlukApp.Infrastructure.Persistence\SozlukApp.Infrastructure.Persistence.csproj", "{9AEB8989-4428-4723-9C0B-1CA2402620DB}"
EndProject
Project("{FAE04EC0-301F-11D3-BF4B-00C04F79EFBC}") = "SozlukApp.Api.WebApi", "src\Api\WebApi\SozlukApp.Api.WebApi\SozlukApp.Api.WebApi.csproj", "{DED738FA-4815-4341-938A-88B8E1728CBB}"
EndProject
Project("{FAE04EC0-301F-11D3-BF4B-00C04F79EFBC}") = "SozlukApp.Projections.FavoriteService", "src\Projections\SozlukApp.Projections.FavoriteService\SozlukApp.Projections.FavoriteService.csproj", "{F813C159-00E8-4E85-9434-5DFF0E46266A}"
EndProject
Project("{FAE04EC0-301F-11D3-BF4B-00C04F79EFBC}") = "SozlukApp.Projections.VoteService", "src\Projections\SozlukApp.Projections.VoteService\SozlukApp.Projections.VoteService.csproj", "{CEB212D6-2C3E-4C85-A983-C8FC5167759A}"
EndProject
Project("{FAE04EC0-301F-11D3-BF4B-00C04F79EFBC}") = "SozlukApp.Projections.UserService", "src\Projections\SozlukApp.Projections.UserService\SozlukApp.Projections.UserService.csproj", "{6FD6B20D-CCC1-4FDC-95E8-B8BBF35617E7}"
EndProject
Project("{FAE04EC0-301F-11D3-BF4B-00C04F79EFBC}") = "SozlukApp.WebApp", "src\Clients\BlazorWeb\SozlukApp.WebApp\SozlukApp.WebApp.csproj", "{EEC2550A-E20E-4DA2-9ACC-AAF9C67C0F80}"
EndProject
Global
	GlobalSection(SolutionConfigurationPlatforms) = preSolution
		Debug|Any CPU = Debug|Any CPU
		Release|Any CPU = Release|Any CPU
	EndGlobalSection
	GlobalSection(ProjectConfigurationPlatforms) = postSolution
		{DE27F1C1-823D-4FCC-9D5D-A6886C1F97DC}.Debug|Any CPU.ActiveCfg = Debug|Any CPU
		{DE27F1C1-823D-4FCC-9D5D-A6886C1F97DC}.Debug|Any CPU.Build.0 = Debug|Any CPU
		{DE27F1C1-823D-4FCC-9D5D-A6886C1F97DC}.Release|Any CPU.ActiveCfg = Release|Any CPU
		{DE27F1C1-823D-4FCC-9D5D-A6886C1F97DC}.Release|Any CPU.Build.0 = Release|Any CPU
		{893EFBFF-6010-4C20-87BB-E35F70D49279}.Debug|Any CPU.ActiveCfg = Debug|Any CPU
		{893EFBFF-6010-4C20-87BB-E35F70D49279}.Debug|Any CPU.Build.0 = Debug|Any CPU
		{893EFBFF-6010-4C20-87BB-E35F70D49279}.Release|Any CPU.ActiveCfg = Release|Any CPU
		{893EFBFF-6010-4C20-87BB-E35F70D49279}.Release|Any CPU.Build.0 = Release|Any CPU
		{D1355B5C-684B-41D0-A7D1-4500B2BA1F2D}.Debug|Any CPU.ActiveCfg = Debug|Any CPU
		{D1355B5C-684B-41D0-A7D1-4500B2BA1F2D}.Debug|Any CPU.Build.0 = Debug|Any CPU
		{D1355B5C-684B-41D0-A7D1-4500B2BA1F2D}.Release|Any CPU.ActiveCfg = Release|Any CPU
		{D1355B5C-684B-41D0-A7D1-4500B2BA1F2D}.Release|Any CPU.Build.0 = Release|Any CPU
		{9AEB8989-4428-4723-9C0B-1CA2402620DB}.Debug|Any CPU.ActiveCfg = Debug|Any CPU
		{9AEB8989-4428-4723-9C0B-1CA2402620DB}.Debug|Any CPU.Build.0 = Debug|Any CPU
		{9AEB8989-4428-4723-9C0B-1CA2402620DB}.Release|Any CPU.ActiveCfg = Release|Any CPU
		{9AEB8989-4428-4723-9C0B-1CA2402620DB}.Release|Any CPU.Build.0 = Release|Any CPU
		{DED738FA-4815-4341-938A-88B8E1728CBB}.Debug|Any CPU.ActiveCfg = Debug|Any CPU
		{DED738FA-4815-4341-938A-88B8E1728CBB}.Debug|Any CPU.Build.0 = Debug|Any CPU
		{DED738FA-4815-4341-938A-88B8E1728CBB}.Release|Any CPU.ActiveCfg = Release|Any CPU
		{DED738FA-4815-4341-938A-88B8E1728CBB}.Release|Any CPU.Build.0 = Release|Any CPU
		{F813C159-00E8-4E85-9434-5DFF0E46266A}.Debug|Any CPU.ActiveCfg = Debug|Any CPU
		{F813C159-00E8-4E85-9434-5DFF0E46266A}.Debug|Any CPU.Build.0 = Debug|Any CPU
		{F813C159-00E8-4E85-9434-5DFF0E46266A}.Release|Any CPU.ActiveCfg = Release|Any CPU
		{F813C159-00E8-4E85-9434-5DFF0E46266A}.Release|Any CPU.Build.0 = Release|Any CPU
		{CEB212D6-2C3E-4C85-A983-C8FC5167759A}.Debug|Any CPU.ActiveCfg = Debug|Any CPU
		{CEB212D6-2C3E-4C85-A983-C8FC5167759A}.Debug|Any CPU.Build.0 = Debug|Any CPU
		{CEB212D6-2C3E-4C85-A983-C8FC5167759A}.Release|Any CPU.ActiveCfg = Release|Any CPU
		{CEB212D6-2C3E-4C85-A983-C8FC5167759A}.Release|Any CPU.Build.0 = Release|Any CPU
		{6FD6B20D-CCC1-4FDC-95E8-B8BBF35617E7}.Debug|Any CPU.ActiveCfg = Debug|Any CPU
		{6FD6B20D-CCC1-4FDC-95E8-B8BBF35617E7}.Debug|Any CPU.Build.0 = Debug|Any CPU
		{6FD6B20D-CCC1-4FDC-95E8-B8BBF35617E7}.Release|Any CPU.ActiveCfg = Release|Any CPU
		{6FD6B20D-CCC1-4FDC-95E8-B8BBF35617E7}.Release|Any CPU.Build.0 = Release|Any CPU
		{EEC2550A-E20E-4DA2-9ACC-AAF9C67C0F80}.Debug|Any CPU.ActiveCfg = Debug|Any CPU
		{EEC2550A-E20E-4DA2-9ACC-AAF9C67C0F80}.Debug|Any CPU.Build.0 = Debug|Any CPU
		{EEC2550A-E20E-4DA2-9ACC-AAF9C67C0F80}.Release|Any CPU.ActiveCfg = Release|Any CPU
		{EEC2550A-E20E-4DA2-9ACC-AAF9C67C0F80}.Release|Any CPU.Build.0 = Release|Any CPU
	EndGlobalSection
	GlobalSection(SolutionProperties) = preSolution
		HideSolutionNode = FALSE
	EndGlobalSection
	GlobalSection(NestedProjects) = preSolution
		{D301FA81-24C2-4485-A443-EDFD01406B6D} = {7677F145-FB6B-43F9-8472-B13A589729D9}
		{86C8B0B8-A4A1-4C38-9F8F-B7434F5D84CC} = {7677F145-FB6B-43F9-8472-B13A589729D9}
		{0E3931C6-22D3-44A2-A4FE-1B4272C8D8C2} = {7677F145-FB6B-43F9-8472-B13A589729D9}
		{BA3DBAE8-6C5C-4693-8D1E-5F2942DF897B} = {7677F145-FB6B-43F9-8472-B13A589729D9}
		{B7115D96-FE09-4C3A-87D6-4445C7A61009} = {D301FA81-24C2-4485-A443-EDFD01406B6D}
		{73C862D6-9681-4A08-AAAE-275D8296C8CC} = {D301FA81-24C2-4485-A443-EDFD01406B6D}
		{7078160D-230A-417C-9974-4AF764240A73} = {D301FA81-24C2-4485-A443-EDFD01406B6D}
		{A54A8EE2-A4DC-418E-AEEC-5FF37C8C64A8} = {86C8B0B8-A4A1-4C38-9F8F-B7434F5D84CC}
		{DE27F1C1-823D-4FCC-9D5D-A6886C1F97DC} = {0E3931C6-22D3-44A2-A4FE-1B4272C8D8C2}
		{893EFBFF-6010-4C20-87BB-E35F70D49279} = {B7115D96-FE09-4C3A-87D6-4445C7A61009}
		{D1355B5C-684B-41D0-A7D1-4500B2BA1F2D} = {B7115D96-FE09-4C3A-87D6-4445C7A61009}
		{9AEB8989-4428-4723-9C0B-1CA2402620DB} = {73C862D6-9681-4A08-AAAE-275D8296C8CC}
		{DED738FA-4815-4341-938A-88B8E1728CBB} = {7078160D-230A-417C-9974-4AF764240A73}
		{F813C159-00E8-4E85-9434-5DFF0E46266A} = {BA3DBAE8-6C5C-4693-8D1E-5F2942DF897B}
		{CEB212D6-2C3E-4C85-A983-C8FC5167759A} = {BA3DBAE8-6C5C-4693-8D1E-5F2942DF897B}
		{6FD6B20D-CCC1-4FDC-95E8-B8BBF35617E7} = {BA3DBAE8-6C5C-4693-8D1E-5F2942DF897B}
		{EEC2550A-E20E-4DA2-9ACC-AAF9C67C0F80} = {A54A8EE2-A4DC-418E-AEEC-5FF37C8C64A8}
	EndGlobalSection
	GlobalSection(ExtensibilityGlobals) = postSolution
		SolutionGuid = {6719B711-9D35-4301-9744-C4AA4CD71D44}
	EndGlobalSection
EndGlobal
